
Microsoft Visual Studio Solution File, Format Version 12.00
# Visual Studio Version 16
VisualStudioVersion = 16.0.30907.101
MinimumVisualStudioVersion = 10.0.40219.1
Project("{FAE04EC0-301F-11D3-BF4B-00C04F79EFBC}") = "KyrsovaWPF", "KyrsovaWPF\KyrsovaWPF.csproj", "{CC9CD72F-6828-490A-9040-EE5B5BF80269}"
EndProject
Global
	GlobalSection(SolutionConfigurationPlatforms) = preSolution
		Debug|Any CPU = Debug|Any CPU
		Release|Any CPU = Release|Any CPU
	EndGlobalSection
	GlobalSection(ProjectConfigurationPlatforms) = postSolution
		{CC9CD72F-6828-490A-9040-EE5B5BF80269}.Debug|Any CPU.ActiveCfg = Debug|Any CPU
		{CC9CD72F-6828-490A-9040-EE5B5BF80269}.Debug|Any CPU.Build.0 = Debug|Any CPU
		{CC9CD72F-6828-490A-9040-EE5B5BF80269}.Release|Any CPU.ActiveCfg = Release|Any CPU
		{CC9CD72F-6828-490A-9040-EE5B5BF80269}.Release|Any CPU.Build.0 = Release|Any CPU
	EndGlobalSection
	GlobalSection(SolutionProperties) = preSolution
		HideSolutionNode = FALSE
	EndGlobalSection
	GlobalSection(ExtensibilityGlobals) = postSolution
		SolutionGuid = {19C0C8DC-B0ED-438F-B8C3-50154A365DC6}
	EndGlobalSection
EndGlobal
